
Microsoft Visual Studio Solution File, Format Version 12.00
# Visual Studio Version 16
VisualStudioVersion = 16.0.30011.22
MinimumVisualStudioVersion = 10.0.40219.1
Project("{F184B08F-C81C-45F6-A57F-5ABD9991F28F}") = "FORMULARIOS", "FORMULARIOS\FORMULARIOS.vbproj", "{D8233792-CF2A-4353-B4D8-BB82DDF81A83}"
EndProject
Project("{F184B08F-C81C-45F6-A57F-5ABD9991F28F}") = "QUIZ 29.07.20", "..\QUIZ 29.07.20\QUIZ 29.07.20\QUIZ 29.07.20.vbproj", "{6547704B-054B-4FB1-95FC-CFE0C735AA8F}"
EndProject
Global
	GlobalSection(SolutionConfigurationPlatforms) = preSolution
		Debug|Any CPU = Debug|Any CPU
		Release|Any CPU = Release|Any CPU
	EndGlobalSection
	GlobalSection(ProjectConfigurationPlatforms) = postSolution
		{D8233792-CF2A-4353-B4D8-BB82DDF81A83}.Debug|Any CPU.ActiveCfg = Debug|Any CPU
		{D8233792-CF2A-4353-B4D8-BB82DDF81A83}.Debug|Any CPU.Build.0 = Debug|Any CPU
		{D8233792-CF2A-4353-B4D8-BB82DDF81A83}.Release|Any CPU.ActiveCfg = Release|Any CPU
		{D8233792-CF2A-4353-B4D8-BB82DDF81A83}.Release|Any CPU.Build.0 = Release|Any CPU
		{6547704B-054B-4FB1-95FC-CFE0C735AA8F}.Debug|Any CPU.ActiveCfg = Debug|Any CPU
		{6547704B-054B-4FB1-95FC-CFE0C735AA8F}.Debug|Any CPU.Build.0 = Debug|Any CPU
		{6547704B-054B-4FB1-95FC-CFE0C735AA8F}.Release|Any CPU.ActiveCfg = Release|Any CPU
		{6547704B-054B-4FB1-95FC-CFE0C735AA8F}.Release|Any CPU.Build.0 = Release|Any CPU
	EndGlobalSection
	GlobalSection(SolutionProperties) = preSolution
		HideSolutionNode = FALSE
	EndGlobalSection
	GlobalSection(ExtensibilityGlobals) = postSolution
		SolutionGuid = {AB13C2E5-117D-4083-97B4-F97258E903A3}
	EndGlobalSection
EndGlobal
